{
  "version": 4,
  "terraform_version": "1.3.3",
  "serial": 146,
  "lineage": "08eccb8e-9534-3ef1-89c4-ed580d89b626",
  "outputs": {
    "instance_id": {
      "value": "i-090c9a3c00b65585b",
      "type": "string"
    },
    "public": {
      "value": "43.205.94.114",
      "type": "string"
    }
  },
  "resources": [
    {
      "mode": "data",
      "type": "template_file",
      "name": "my_script",
      "provider": "provider[\"registry.terraform.io/hashicorp/template\"]",
      "instances": [
        {
          "schema_version": 0,
          "attributes": {
            "filename": null,
            "id": "29eb162240fce36c1e04fbd7a32d2925a5d412ab1b0edb7f8ba75ea9e76e39d0",
            "rendered": "#!/bin/bash\n\n#Install Git\nyum install -y git\n# Install Docker\nyum update -y\nyum install -y docker\nsystemctl start docker\nsystemctl enable docker\n\n# Install Docker Compose\nsudo curl -L https://github.com/docker/compose/releases/download/1.21.0/docker-compose-`uname -s`-`uname -m` | sudo tee /usr/local/bin/docker-compose \u003e /dev/null\nsudo chmod +x /usr/local/bin/docker-compose\nln -s /usr/local/bin/docker-compose /usr/bin/docker-compose\n",
            "template": "#!/bin/bash\n\n#Install Git\nyum install -y git\n# Install Docker\nyum update -y\nyum install -y docker\nsystemctl start docker\nsystemctl enable docker\n\n# Install Docker Compose\nsudo curl -L https://github.com/docker/compose/releases/download/1.21.0/docker-compose-`uname -s`-`uname -m` | sudo tee /usr/local/bin/docker-compose \u003e /dev/null\nsudo chmod +x /usr/local/bin/docker-compose\nln -s /usr/local/bin/docker-compose /usr/bin/docker-compose\n",
            "vars": null
          },
          "sensitive_attributes": []
        }
      ]
    },
    {
      "mode": "managed",
      "type": "aws_eip",
      "name": "ec2_eip",
      "provider": "provider[\"registry.terraform.io/hashicorp/aws\"]",
      "instances": [
        {
          "schema_version": 0,
          "attributes": {
            "address": null,
            "allocation_id": "eipalloc-0ac07f830529752f9",
            "associate_with_private_ip": null,
            "association_id": "eipassoc-0117fceef8974ce83",
            "carrier_ip": "",
            "customer_owned_ip": "",
            "customer_owned_ipv4_pool": "",
            "domain": "vpc",
            "id": "eipalloc-0ac07f830529752f9",
            "instance": "i-08d01c01e0960cedf",
            "network_border_group": "ap-south-1",
            "network_interface": "eni-08db0f89d717b654c",
            "private_dns": "ip-10-0-0-165.ap-south-1.compute.internal",
            "private_ip": "10.0.0.165",
            "public_dns": "ec2-43-205-84-2.ap-south-1.compute.amazonaws.com",
            "public_ip": "43.205.84.2",
            "public_ipv4_pool": "amazon",
            "tags": {},
            "tags_all": {},
            "timeouts": null,
            "vpc": true
          },
          "sensitive_attributes": [],
          "private": "eyJlMmJmYjczMC1lY2FhLTExZTYtOGY4OC0zNDM2M2JjN2M0YzAiOnsiZGVsZXRlIjoxODAwMDAwMDAwMDAsInJlYWQiOjkwMDAwMDAwMDAwMCwidXBkYXRlIjozMDAwMDAwMDAwMDB9fQ=="
        }
      ]
    },
    {
      "mode": "managed",
      "type": "aws_eip",
      "name": "ip",
      "provider": "provider[\"registry.terraform.io/hashicorp/aws\"]",
      "instances": [
        {
          "schema_version": 0,
          "attributes": {
            "address": null,
            "allocation_id": "eipalloc-070c4e9bea8a1a04c",
            "associate_with_private_ip": null,
            "association_id": "eipassoc-0d851f10fccba86cc",
            "carrier_ip": "",
            "customer_owned_ip": "",
            "customer_owned_ipv4_pool": "",
            "domain": "vpc",
            "id": "eipalloc-070c4e9bea8a1a04c",
            "instance": "",
            "network_border_group": "ap-south-1",
            "network_interface": "eni-0abe409f731a539eb",
            "private_dns": "ip-10-0-1-30.ap-south-1.compute.internal",
            "private_ip": "10.0.1.30",
            "public_dns": "ec2-3-111-224-98.ap-south-1.compute.amazonaws.com",
            "public_ip": "3.111.224.98",
            "public_ipv4_pool": "amazon",
            "tags": {},
            "tags_all": {},
            "timeouts": null,
            "vpc": true
          },
          "sensitive_attributes": [],
          "private": "eyJlMmJmYjczMC1lY2FhLTExZTYtOGY4OC0zNDM2M2JjN2M0YzAiOnsiZGVsZXRlIjoxODAwMDAwMDAwMDAsInJlYWQiOjkwMDAwMDAwMDAwMCwidXBkYXRlIjozMDAwMDAwMDAwMDB9fQ=="
        }
      ]
    },
    {
      "mode": "managed",
      "type": "aws_eip_association",
      "name": "eip_assoc",
      "provider": "provider[\"registry.terraform.io/hashicorp/aws\"]",
      "instances": [
        {
          "schema_version": 0,
          "attributes": {
            "allocation_id": "eipalloc-0ac07f830529752f9",
            "allow_reassociation": null,
            "id": "eipassoc-0a2dd520a0712e0d1",
            "instance_id": "i-090c9a3c00b65585b",
            "network_interface_id": "eni-002175a98fb4e2756",
            "private_ip_address": "10.0.0.195",
            "public_ip": "43.205.84.2"
          },
          "sensitive_attributes": [],
          "private": "bnVsbA==",
          "dependencies": [
            "aws_eip.ec2_eip",
            "aws_instance.react_flask_app",
            "aws_key_pair.react_flask_key",
            "aws_security_group.react_flask_app_sg",
            "aws_subnet.pubsubnet-1",
            "aws_vpc.dev-vpc",
            "data.template_file.my_script"
          ]
        }
      ]
    },
    {
      "mode": "managed",
      "type": "aws_instance",
      "name": "react_flask_app",
      "provider": "provider[\"registry.terraform.io/hashicorp/aws\"]",
      "instances": [
        {
          "schema_version": 1,
          "attributes": {
            "ami": "ami-07d3a50bd29811cd1",
            "arn": "arn:aws:ec2:ap-south-1:948490015467:instance/i-090c9a3c00b65585b",
            "associate_public_ip_address": true,
            "availability_zone": "ap-south-1a",
            "capacity_reservation_specification": [
              {
                "capacity_reservation_preference": "open",
                "capacity_reservation_target": []
              }
            ],
            "cpu_core_count": 1,
            "cpu_threads_per_core": 1,
            "credit_specification": [
              {
                "cpu_credits": "standard"
              }
            ],
            "disable_api_stop": false,
            "disable_api_termination": false,
            "ebs_block_device": [],
            "ebs_optimized": false,
            "enclave_options": [
              {
                "enabled": false
              }
            ],
            "ephemeral_block_device": [],
            "get_password_data": false,
            "hibernation": false,
            "host_id": "",
            "host_resource_group_arn": null,
            "iam_instance_profile": "",
            "id": "i-090c9a3c00b65585b",
            "instance_initiated_shutdown_behavior": "stop",
            "instance_state": "running",
            "instance_type": "t2.micro",
            "ipv6_address_count": 0,
            "ipv6_addresses": [],
            "key_name": "react_falsk_app_key",
            "launch_template": [],
            "maintenance_options": [
              {
                "auto_recovery": "default"
              }
            ],
            "metadata_options": [
              {
                "http_endpoint": "enabled",
                "http_put_response_hop_limit": 2,
                "http_tokens": "required",
                "instance_metadata_tags": "disabled"
              }
            ],
            "monitoring": false,
            "network_interface": [],
            "outpost_arn": "",
            "password_data": "",
            "placement_group": "",
            "placement_partition_number": 0,
            "primary_network_interface_id": "eni-002175a98fb4e2756",
            "private_dns": "ip-10-0-0-195.ap-south-1.compute.internal",
            "private_dns_name_options": [
              {
                "enable_resource_name_dns_a_record": false,
                "enable_resource_name_dns_aaaa_record": false,
                "hostname_type": "ip-name"
              }
            ],
            "private_ip": "10.0.0.195",
            "public_dns": "ec2-43-205-94-114.ap-south-1.compute.amazonaws.com",
            "public_ip": "43.205.94.114",
            "root_block_device": [
              {
                "delete_on_termination": true,
                "device_name": "/dev/xvda",
                "encrypted": false,
                "iops": 3000,
                "kms_key_id": "",
                "tags": {},
                "throughput": 125,
                "volume_id": "vol-088f30c62731e6344",
                "volume_size": 8,
                "volume_type": "gp3"
              }
            ],
            "secondary_private_ips": [],
            "security_groups": [
              "sg-03433f9aea201f6cc"
            ],
            "source_dest_check": true,
            "subnet_id": "subnet-0a82e24fe683cda54",
            "tags": {
              "Name": "dev-react-flask-app"
            },
            "tags_all": {
              "Name": "dev-react-flask-app"
            },
            "tenancy": "default",
            "timeouts": null,
            "user_data": "669276f3c28b261f9d8bb6be958d60763ab4433a",
            "user_data_base64": null,
            "user_data_replace_on_change": false,
            "volume_tags": null,
            "vpc_security_group_ids": [
              "sg-03433f9aea201f6cc"
            ]
          },
          "sensitive_attributes": [],
          "private": "eyJlMmJmYjczMC1lY2FhLTExZTYtOGY4OC0zNDM2M2JjN2M0YzAiOnsiY3JlYXRlIjo2MDAwMDAwMDAwMDAsImRlbGV0ZSI6MTIwMDAwMDAwMDAwMCwidXBkYXRlIjo2MDAwMDAwMDAwMDB9LCJzY2hlbWFfdmVyc2lvbiI6IjEifQ==",
          "dependencies": [
            "aws_key_pair.react_flask_key",
            "aws_security_group.react_flask_app_sg",
            "aws_subnet.pubsubnet-1",
            "aws_vpc.dev-vpc",
            "data.template_file.my_script"
          ]
        }
      ]
    },
    {
      "mode": "managed",
      "type": "aws_internet_gateway",
      "name": "internet-gateway",
      "provider": "provider[\"registry.terraform.io/hashicorp/aws\"]",
      "instances": [
        {
          "schema_version": 0,
          "attributes": {
            "arn": "arn:aws:ec2:ap-south-1:948490015467:internet-gateway/igw-03d3b9f7a7c7d1687",
            "id": "igw-03d3b9f7a7c7d1687",
            "owner_id": "948490015467",
            "tags": {
              "Name": "dev-IGW"
            },
            "tags_all": {
              "Name": "dev-IGW"
            },
            "timeouts": null,
            "vpc_id": "vpc-01a31ff4260dfaef2"
          },
          "sensitive_attributes": [],
          "private": "eyJlMmJmYjczMC1lY2FhLTExZTYtOGY4OC0zNDM2M2JjN2M0YzAiOnsiY3JlYXRlIjoxMjAwMDAwMDAwMDAwLCJkZWxldGUiOjEyMDAwMDAwMDAwMDAsInVwZGF0ZSI6MTIwMDAwMDAwMDAwMH19",
          "dependencies": [
            "aws_vpc.dev-vpc"
          ]
        }
      ]
    },
    {
      "mode": "managed",
      "type": "aws_key_pair",
      "name": "react_flask_key",
      "provider": "provider[\"registry.terraform.io/hashicorp/aws\"]",
      "instances": [
        {
          "schema_version": 1,
          "attributes": {
            "arn": "arn:aws:ec2:ap-south-1:948490015467:key-pair/react_falsk_app_key",
            "fingerprint": "3d:af:88:a7:51:99:f3:9d:4c:eb:35:c9:ce:3e:81:99",
            "id": "react_falsk_app_key",
            "key_name": "react_falsk_app_key",
            "key_name_prefix": "",
            "key_pair_id": "key-041fb354265109695",
            "key_type": "rsa",
            "public_key": "ssh-rsa AAAAB3NzaC1yc2EAAAADAQABAAABgQCmFwoPzN9jmX8qWngBF9auywjpKpGu0Ltods4xKNIRL5dVfI++ZDbocIRYcu6XHmJ/4uMw0UQ6u2ijIhKj1iRSkcbJZxB4CLWw6hroPJiWX9fxIhQY3t31L8Gc5UnYPKcIsUxwc+l2Y9q/2FX1bQlJE+tM+uXH2QKhNbHkoFzvkTDuQC/DcT2loU9HUu9Hj63Wf9VLnOWiGTlvPlcIOOk5ZCrFliHhV5qoRdPm1GGfljjEyzAx0/IFDSc2ai7Xj3LTz7gc8TQYyTJ6pSr0nJnOaVWjzLuBpO1pe2HVKd8EA8fCAwxeMBzD+gEWe3MykysRxycbucDYRrHx+epObI9xFQrKzK6qkzzcE7BabF7B3c3cB7vyNnRcyGzmOqlfO+aQ1HPizHPw9ocr9UPzuQ0mtA+pW6yxF9rBLu2WL1kAOp3DfhSlrX4p4G/UZch7zl6dzYThvJOZlCmMeTvaTGylzNAP8b3bC1rKUO1GSFVRmPkHiarso8fJGC5KxBicLg8= mahesh@MAHESHs-MacBook-Pro.local",
            "tags": {},
            "tags_all": {}
          },
          "sensitive_attributes": [],
          "private": "eyJzY2hlbWFfdmVyc2lvbiI6IjEifQ=="
        }
      ]
    },
    {
      "mode": "managed",
      "type": "aws_nat_gateway",
      "name": "ngw",
      "provider": "provider[\"registry.terraform.io/hashicorp/aws\"]",
      "instances": [
        {
          "schema_version": 0,
          "attributes": {
            "allocation_id": "eipalloc-070c4e9bea8a1a04c",
            "association_id": "eipassoc-0d851f10fccba86cc",
            "connectivity_type": "public",
            "id": "nat-073d7a4a78385702a",
            "network_interface_id": "eni-0abe409f731a539eb",
            "private_ip": "10.0.1.30",
            "public_ip": "3.111.224.98",
            "subnet_id": "subnet-037937a8ff4836012",
            "tags": {
              "Name": "dev-natgateway"
            },
            "tags_all": {
              "Name": "dev-natgateway"
            }
          },
          "sensitive_attributes": [],
          "private": "bnVsbA==",
          "dependencies": [
            "aws_eip.ip",
            "aws_subnet.pubsubnet-2",
            "aws_vpc.dev-vpc"
          ]
        }
      ]
    },
    {
      "mode": "managed",
      "type": "aws_route_table",
      "name": "public-route-table",
      "provider": "provider[\"registry.terraform.io/hashicorp/aws\"]",
      "instances": [
        {
          "schema_version": 0,
          "attributes": {
            "arn": "arn:aws:ec2:ap-south-1:948490015467:route-table/rtb-016a9c55580b656f4",
            "id": "rtb-016a9c55580b656f4",
            "owner_id": "948490015467",
            "propagating_vgws": [],
            "route": [
              {
                "carrier_gateway_id": "",
                "cidr_block": "0.0.0.0/0",
                "core_network_arn": "",
                "destination_prefix_list_id": "",
                "egress_only_gateway_id": "",
                "gateway_id": "igw-03d3b9f7a7c7d1687",
                "instance_id": "",
                "ipv6_cidr_block": "",
                "local_gateway_id": "",
                "nat_gateway_id": "",
                "network_interface_id": "",
                "transit_gateway_id": "",
                "vpc_endpoint_id": "",
                "vpc_peering_connection_id": ""
              }
            ],
            "tags": {
              "Name": "dev-pub-route-table"
            },
            "tags_all": {
              "Name": "dev-pub-route-table"
            },
            "timeouts": null,
            "vpc_id": "vpc-01a31ff4260dfaef2"
          },
          "sensitive_attributes": [],
          "private": "eyJlMmJmYjczMC1lY2FhLTExZTYtOGY4OC0zNDM2M2JjN2M0YzAiOnsiY3JlYXRlIjozMDAwMDAwMDAwMDAsImRlbGV0ZSI6MzAwMDAwMDAwMDAwLCJ1cGRhdGUiOjEyMDAwMDAwMDAwMH19",
          "dependencies": [
            "aws_internet_gateway.internet-gateway",
            "aws_vpc.dev-vpc"
          ]
        }
      ]
    },
    {
      "mode": "managed",
      "type": "aws_route_table_association",
      "name": "pubsubnet-1-route-table-association",
      "provider": "provider[\"registry.terraform.io/hashicorp/aws\"]",
      "instances": [
        {
          "schema_version": 0,
          "attributes": {
            "gateway_id": "",
            "id": "rtbassoc-01f5e1b56e8936b2e",
            "route_table_id": "rtb-016a9c55580b656f4",
            "subnet_id": "subnet-0a82e24fe683cda54"
          },
          "sensitive_attributes": [],
          "private": "bnVsbA==",
          "dependencies": [
            "aws_internet_gateway.internet-gateway",
            "aws_route_table.public-route-table",
            "aws_subnet.pubsubnet-1",
            "aws_vpc.dev-vpc"
          ]
        }
      ]
    },
    {
      "mode": "managed",
      "type": "aws_route_table_association",
      "name": "pubsubnet-2-route-table-association",
      "provider": "provider[\"registry.terraform.io/hashicorp/aws\"]",
      "instances": [
        {
          "schema_version": 0,
          "attributes": {
            "gateway_id": "",
            "id": "rtbassoc-0ae1450f489b9531f",
            "route_table_id": "rtb-016a9c55580b656f4",
            "subnet_id": "subnet-037937a8ff4836012"
          },
          "sensitive_attributes": [],
          "private": "bnVsbA==",
          "dependencies": [
            "aws_internet_gateway.internet-gateway",
            "aws_route_table.public-route-table",
            "aws_subnet.pubsubnet-2",
            "aws_vpc.dev-vpc"
          ]
        }
      ]
    },
    {
      "mode": "managed",
      "type": "aws_security_group",
      "name": "react_flask_app_sg",
      "provider": "provider[\"registry.terraform.io/hashicorp/aws\"]",
      "instances": [
        {
          "schema_version": 1,
          "attributes": {
            "arn": "arn:aws:ec2:ap-south-1:948490015467:security-group/sg-03433f9aea201f6cc",
            "description": "Enable SSh access on port 22",
            "egress": [
              {
                "cidr_blocks": [
                  "0.0.0.0/0"
                ],
                "description": "",
                "from_port": 0,
                "ipv6_cidr_blocks": [
                  "::/0"
                ],
                "prefix_list_ids": [],
                "protocol": "-1",
                "security_groups": [],
                "self": false,
                "to_port": 0
              }
            ],
            "id": "sg-03433f9aea201f6cc",
            "ingress": [
              {
                "cidr_blocks": [
                  "0.0.0.0/0"
                ],
                "description": "expose port for backend",
                "from_port": 5000,
                "ipv6_cidr_blocks": [],
                "prefix_list_ids": [],
                "protocol": "tcp",
                "security_groups": [],
                "self": false,
                "to_port": 5000
              },
              {
                "cidr_blocks": [
                  "0.0.0.0/0"
                ],
                "description": "expose port for frontend",
                "from_port": 80,
                "ipv6_cidr_blocks": [],
                "prefix_list_ids": [],
                "protocol": "tcp",
                "security_groups": [],
                "self": false,
                "to_port": 80
              },
              {
                "cidr_blocks": [
                  "0.0.0.0/0"
                ],
                "description": "ssh from VPC",
                "from_port": 22,
                "ipv6_cidr_blocks": [],
                "prefix_list_ids": [],
                "protocol": "tcp",
                "security_groups": [],
                "self": false,
                "to_port": 22
              }
            ],
            "name": "react_flask_app_sg",
            "name_prefix": "",
            "owner_id": "948490015467",
            "revoke_rules_on_delete": false,
            "tags": {
              "Name": "react_flask_app_sg"
            },
            "tags_all": {
              "Name": "react_flask_app_sg"
            },
            "timeouts": null,
            "vpc_id": "vpc-01a31ff4260dfaef2"
          },
          "sensitive_attributes": [],
          "private": "eyJlMmJmYjczMC1lY2FhLTExZTYtOGY4OC0zNDM2M2JjN2M0YzAiOnsiY3JlYXRlIjo2MDAwMDAwMDAwMDAsImRlbGV0ZSI6OTAwMDAwMDAwMDAwfSwic2NoZW1hX3ZlcnNpb24iOiIxIn0=",
          "dependencies": [
            "aws_vpc.dev-vpc"
          ]
        }
      ]
    },
    {
      "mode": "managed",
      "type": "aws_subnet",
      "name": "pubsubnet-1",
      "provider": "provider[\"registry.terraform.io/hashicorp/aws\"]",
      "instances": [
        {
          "schema_version": 1,
          "attributes": {
            "arn": "arn:aws:ec2:ap-south-1:948490015467:subnet/subnet-0a82e24fe683cda54",
            "assign_ipv6_address_on_creation": false,
            "availability_zone": "ap-south-1a",
            "availability_zone_id": "aps1-az1",
            "cidr_block": "10.0.0.0/24",
            "customer_owned_ipv4_pool": "",
            "enable_dns64": false,
            "enable_resource_name_dns_a_record_on_launch": false,
            "enable_resource_name_dns_aaaa_record_on_launch": false,
            "id": "subnet-0a82e24fe683cda54",
            "ipv6_cidr_block": "",
            "ipv6_cidr_block_association_id": "",
            "ipv6_native": false,
            "map_customer_owned_ip_on_launch": false,
            "map_public_ip_on_launch": true,
            "outpost_arn": "",
            "owner_id": "948490015467",
            "private_dns_hostname_type_on_launch": "ip-name",
            "tags": {
              "Name": "dev-pub-sub-1"
            },
            "tags_all": {
              "Name": "dev-pub-sub-1"
            },
            "timeouts": null,
            "vpc_id": "vpc-01a31ff4260dfaef2"
          },
          "sensitive_attributes": [],
          "private": "eyJlMmJmYjczMC1lY2FhLTExZTYtOGY4OC0zNDM2M2JjN2M0YzAiOnsiY3JlYXRlIjo2MDAwMDAwMDAwMDAsImRlbGV0ZSI6MTIwMDAwMDAwMDAwMH0sInNjaGVtYV92ZXJzaW9uIjoiMSJ9",
          "dependencies": [
            "aws_vpc.dev-vpc"
          ]
        }
      ]
    },
    {
      "mode": "managed",
      "type": "aws_subnet",
      "name": "pubsubnet-2",
      "provider": "provider[\"registry.terraform.io/hashicorp/aws\"]",
      "instances": [
        {
          "schema_version": 1,
          "attributes": {
            "arn": "arn:aws:ec2:ap-south-1:948490015467:subnet/subnet-037937a8ff4836012",
            "assign_ipv6_address_on_creation": false,
            "availability_zone": "ap-south-1b",
            "availability_zone_id": "aps1-az3",
            "cidr_block": "10.0.1.0/24",
            "customer_owned_ipv4_pool": "",
            "enable_dns64": false,
            "enable_resource_name_dns_a_record_on_launch": false,
            "enable_resource_name_dns_aaaa_record_on_launch": false,
            "id": "subnet-037937a8ff4836012",
            "ipv6_cidr_block": "",
            "ipv6_cidr_block_association_id": "",
            "ipv6_native": false,
            "map_customer_owned_ip_on_launch": false,
            "map_public_ip_on_launch": true,
            "outpost_arn": "",
            "owner_id": "948490015467",
            "private_dns_hostname_type_on_launch": "ip-name",
            "tags": {
              "Name": "dev-pub-sub-2"
            },
            "tags_all": {
              "Name": "dev-pub-sub-2"
            },
            "timeouts": null,
            "vpc_id": "vpc-01a31ff4260dfaef2"
          },
          "sensitive_attributes": [],
          "private": "eyJlMmJmYjczMC1lY2FhLTExZTYtOGY4OC0zNDM2M2JjN2M0YzAiOnsiY3JlYXRlIjo2MDAwMDAwMDAwMDAsImRlbGV0ZSI6MTIwMDAwMDAwMDAwMH0sInNjaGVtYV92ZXJzaW9uIjoiMSJ9",
          "dependencies": [
            "aws_vpc.dev-vpc"
          ]
        }
      ]
    },
    {
      "mode": "managed",
      "type": "aws_vpc",
      "name": "dev-vpc",
      "provider": "provider[\"registry.terraform.io/hashicorp/aws\"]",
      "instances": [
        {
          "schema_version": 1,
          "attributes": {
            "arn": "arn:aws:ec2:ap-south-1:948490015467:vpc/vpc-01a31ff4260dfaef2",
            "assign_generated_ipv6_cidr_block": false,
            "cidr_block": "10.0.0.0/16",
            "default_network_acl_id": "acl-092e37e0e1302040f",
            "default_route_table_id": "rtb-0d5d81349eccc4c4d",
            "default_security_group_id": "sg-068a3b7d2e785d754",
            "dhcp_options_id": "dopt-03ef75be1ccab60f3",
            "enable_classiclink": false,
            "enable_classiclink_dns_support": false,
            "enable_dns_hostnames": true,
            "enable_dns_support": true,
            "enable_network_address_usage_metrics": false,
            "id": "vpc-01a31ff4260dfaef2",
            "instance_tenancy": "default",
            "ipv4_ipam_pool_id": null,
            "ipv4_netmask_length": null,
            "ipv6_association_id": "",
            "ipv6_cidr_block": "",
            "ipv6_cidr_block_network_border_group": "",
            "ipv6_ipam_pool_id": "",
            "ipv6_netmask_length": 0,
            "main_route_table_id": "rtb-0d5d81349eccc4c4d",
            "owner_id": "948490015467",
            "tags": {
              "Name": "dev-vpc"
            },
            "tags_all": {
              "Name": "dev-vpc"
            }
          },
          "sensitive_attributes": [],
          "private": "eyJzY2hlbWFfdmVyc2lvbiI6IjEifQ=="
        }
      ]
    }
  ],
  "check_results": []
}
